// !$*UTF8*$!
{
	archiveVersion = 1;
	classes = {
	};
	objectVersion = 51;
	objects = {

/* Begin PBXBuildFile section */
		6A63E9C926D67D5A00CD93DC /* HomeTopMenuCollectionViewCell.swift in Sources */ = {isa = PBXBuildFile; fileRef = 6A63E9C826D67D5A00CD93DC /* HomeTopMenuCollectionViewCell.swift */; };
		84228705DDE282F471586451 /* Pods_Appurados.framework in Frameworks */ = {isa = PBXBuildFile; fileRef = 736A1F4F2FDC97A4254182CC /* Pods_Appurados.framework */; };
		F90626FA26DAC0AE009E8736 /* PendingOrderListTableViewCell.swift in Sources */ = {isa = PBXBuildFile; fileRef = F90626F926DAC0AE009E8736 /* PendingOrderListTableViewCell.swift */; };
		F910A8CD26E36C82005D529F /* MapsViewController.swift in Sources */ = {isa = PBXBuildFile; fileRef = F910A8CC26E36C82005D529F /* MapsViewController.swift */; };
		F914878126E8E3BE00458BE7 /* RewardModel.swift in Sources */ = {isa = PBXBuildFile; fileRef = F914878026E8E3BE00458BE7 /* RewardModel.swift */; };
		F914878326E8EC8200458BE7 /* NotificationModel.swift in Sources */ = {isa = PBXBuildFile; fileRef = F914878226E8EC8200458BE7 /* NotificationModel.swift */; };
		F914878626E8EEE900458BE7 /* FloatRatingView.swift in Sources */ = {isa = PBXBuildFile; fileRef = F914878526E8EEE900458BE7 /* FloatRatingView.swift */; };
		F91C596026D9350200808697 /* ProfileViewController.swift in Sources */ = {isa = PBXBuildFile; fileRef = F91C595F26D9350200808697 /* ProfileViewController.swift */; };
		F92793D326DE5E06002DA4EF /* NotificationTableViewCell.swift in Sources */ = {isa = PBXBuildFile; fileRef = F92793D226DE5E06002DA4EF /* NotificationTableViewCell.swift */; };
		F92793D526DE7B0B002DA4EF /* OrderDetailViewController.swift in Sources */ = {isa = PBXBuildFile; fileRef = F92793D426DE7B0B002DA4EF /* OrderDetailViewController.swift */; };
		F92793D726DE7C19002DA4EF /* VarientTableViewCell.swift in Sources */ = {isa = PBXBuildFile; fileRef = F92793D626DE7C19002DA4EF /* VarientTableViewCell.swift */; };
		F935B01826DEBA5E00FC86A7 /* FoodDetailViewController.swift in Sources */ = {isa = PBXBuildFile; fileRef = F935B01726DEBA5E00FC86A7 /* FoodDetailViewController.swift */; };
		F935B01A26DEBAAA00FC86A7 /* FoodDetailCollectionViewCell.swift in Sources */ = {isa = PBXBuildFile; fileRef = F935B01926DEBAAA00FC86A7 /* FoodDetailCollectionViewCell.swift */; };
		F935B01C26DEBABF00FC86A7 /* FoodDetailTableViewCell.swift in Sources */ = {isa = PBXBuildFile; fileRef = F935B01B26DEBABF00FC86A7 /* FoodDetailTableViewCell.swift */; };
		F95597A626D4160A007390F7 /* AppDelegate.swift in Sources */ = {isa = PBXBuildFile; fileRef = F95597A526D4160A007390F7 /* AppDelegate.swift */; };
		F95597A826D4160A007390F7 /* SceneDelegate.swift in Sources */ = {isa = PBXBuildFile; fileRef = F95597A726D4160A007390F7 /* SceneDelegate.swift */; };
		F95597AA26D4160A007390F7 /* ViewController.swift in Sources */ = {isa = PBXBuildFile; fileRef = F95597A926D4160A007390F7 /* ViewController.swift */; };
		F95597AD26D4160A007390F7 /* Main.storyboard in Resources */ = {isa = PBXBuildFile; fileRef = F95597AB26D4160A007390F7 /* Main.storyboard */; };
		F95597AF26D4160C007390F7 /* Assets.xcassets in Resources */ = {isa = PBXBuildFile; fileRef = F95597AE26D4160C007390F7 /* Assets.xcassets */; };
		F95597B226D4160C007390F7 /* LaunchScreen.storyboard in Resources */ = {isa = PBXBuildFile; fileRef = F95597B026D4160C007390F7 /* LaunchScreen.storyboard */; };
		F95F541126E527CD0047D1A7 /* RestaurentsDetailModel.swift in Sources */ = {isa = PBXBuildFile; fileRef = F95F541026E527CD0047D1A7 /* RestaurentsDetailModel.swift */; };
		F978DE2226D4D155009FA173 /* HomeViewController.swift in Sources */ = {isa = PBXBuildFile; fileRef = F978DE2126D4D155009FA173 /* HomeViewController.swift */; };
		F978DE2426D4DBAE009FA173 /* MapViewController.swift in Sources */ = {isa = PBXBuildFile; fileRef = F978DE2326D4DBAE009FA173 /* MapViewController.swift */; };
		F978DE2C26D4DD56009FA173 /* MessageConstant.swift in Sources */ = {isa = PBXBuildFile; fileRef = F978DE2526D4DD56009FA173 /* MessageConstant.swift */; };
		F978DE2D26D4DD56009FA173 /* ValidationManager.swift in Sources */ = {isa = PBXBuildFile; fileRef = F978DE2626D4DD56009FA173 /* ValidationManager.swift */; };
		F978DE2E26D4DD56009FA173 /* Extensions.swift in Sources */ = {isa = PBXBuildFile; fileRef = F978DE2726D4DD56009FA173 /* Extensions.swift */; };
		F978DE2F26D4DD56009FA173 /* AlertViewController.swift in Sources */ = {isa = PBXBuildFile; fileRef = F978DE2826D4DD56009FA173 /* AlertViewController.swift */; };
		F978DE3026D4DD56009FA173 /* CustomUIView.swift in Sources */ = {isa = PBXBuildFile; fileRef = F978DE2A26D4DD56009FA173 /* CustomUIView.swift */; };
		F978DE3126D4DD56009FA173 /* TableViewExtension.swift in Sources */ = {isa = PBXBuildFile; fileRef = F978DE2B26D4DD56009FA173 /* TableViewExtension.swift */; };
		F978DE4A26D4DD80009FA173 /* RDTextView.swift in Sources */ = {isa = PBXBuildFile; fileRef = F978DE3426D4DD80009FA173 /* RDTextView.swift */; };
		F978DE4B26D4DD80009FA173 /* UIViewController+SideMenu.swift in Sources */ = {isa = PBXBuildFile; fileRef = F978DE3A26D4DD80009FA173 /* UIViewController+SideMenu.swift */; };
		F978DE4C26D4DD80009FA173 /* StatusBar.swift in Sources */ = {isa = PBXBuildFile; fileRef = F978DE3B26D4DD80009FA173 /* StatusBar.swift */; };
		F978DE4D26D4DD80009FA173 /* Preferences.swift in Sources */ = {isa = PBXBuildFile; fileRef = F978DE3C26D4DD80009FA173 /* Preferences.swift */; };
		F978DE4E26D4DD80009FA173 /* Delegate.swift in Sources */ = {isa = PBXBuildFile; fileRef = F978DE3D26D4DD80009FA173 /* Delegate.swift */; };
		F978DE4F26D4DD80009FA173 /* TransitionContext.swift in Sources */ = {isa = PBXBuildFile; fileRef = F978DE3E26D4DD80009FA173 /* TransitionContext.swift */; };
		F978DE5026D4DD80009FA173 /* UIViewController+Container.swift in Sources */ = {isa = PBXBuildFile; fileRef = F978DE3F26D4DD80009FA173 /* UIViewController+Container.swift */; };
		F978DE5126D4DD80009FA173 /* Segue.swift in Sources */ = {isa = PBXBuildFile; fileRef = F978DE4026D4DD80009FA173 /* Segue.swift */; };
		F978DE5226D4DD80009FA173 /* UIView+Container.swift in Sources */ = {isa = PBXBuildFile; fileRef = F978DE4126D4DD80009FA173 /* UIView+Container.swift */; };
		F978DE5326D4DD80009FA173 /* SideMenuController.swift in Sources */ = {isa = PBXBuildFile; fileRef = F978DE4226D4DD80009FA173 /* SideMenuController.swift */; };
		F978DE5426D4DD80009FA173 /* BasicTransitionAnimator.swift in Sources */ = {isa = PBXBuildFile; fileRef = F978DE4326D4DD80009FA173 /* BasicTransitionAnimator.swift */; };
		F978DE5526D4DD80009FA173 /* RevealViewController.swift in Sources */ = {isa = PBXBuildFile; fileRef = F978DE4526D4DD80009FA173 /* RevealViewController.swift */; };
		F978DE5626D4DD80009FA173 /* SWRevealViewController+Extensions.swift in Sources */ = {isa = PBXBuildFile; fileRef = F978DE4726D4DD80009FA173 /* SWRevealViewController+Extensions.swift */; };
		F978DE5726D4DD80009FA173 /* SWRevealViewController.m in Sources */ = {isa = PBXBuildFile; fileRef = F978DE4826D4DD80009FA173 /* SWRevealViewController.m */; };
		F978DE5C26D4DDA2009FA173 /* AppSideMenuViewController.swift in Sources */ = {isa = PBXBuildFile; fileRef = F978DE5926D4DDA2009FA173 /* AppSideMenuViewController.swift */; };
		F978DE5D26D4DDA2009FA173 /* AppSideMenuTableViewCell.swift in Sources */ = {isa = PBXBuildFile; fileRef = F978DE5B26D4DDA2009FA173 /* AppSideMenuTableViewCell.swift */; };
		F978DE6126D4E7FC009FA173 /* UserDefaultExtension.swift in Sources */ = {isa = PBXBuildFile; fileRef = F978DE5F26D4E7FC009FA173 /* UserDefaultExtension.swift */; };
		F978DE6226D4E7FC009FA173 /* AppSharedData.swift in Sources */ = {isa = PBXBuildFile; fileRef = F978DE6026D4E7FC009FA173 /* AppSharedData.swift */; };
		F98787C026DA2D5700FA0DFF /* MyCartViewController.swift in Sources */ = {isa = PBXBuildFile; fileRef = F98787BF26DA2D5700FA0DFF /* MyCartViewController.swift */; };
		F98787C326DA2F2800FA0DFF /* MyCartTableViewCell.swift in Sources */ = {isa = PBXBuildFile; fileRef = F98787C226DA2F2800FA0DFF /* MyCartTableViewCell.swift */; };
		F98787C726DA5FA400FA0DFF /* MyOrdersViewController.swift in Sources */ = {isa = PBXBuildFile; fileRef = F98787C626DA5FA400FA0DFF /* MyOrdersViewController.swift */; };
		F98787CA26DA628F00FA0DFF /* PendingViewController.swift in Sources */ = {isa = PBXBuildFile; fileRef = F98787C926DA628F00FA0DFF /* PendingViewController.swift */; };
		F98787CC26DA629C00FA0DFF /* OngoingViewController.swift in Sources */ = {isa = PBXBuildFile; fileRef = F98787CB26DA629C00FA0DFF /* OngoingViewController.swift */; };
		F98787CE26DA62A600FA0DFF /* CompleteViewController.swift in Sources */ = {isa = PBXBuildFile; fileRef = F98787CD26DA62A600FA0DFF /* CompleteViewController.swift */; };
		F987C49926E2A16400751CA8 /* WebServiceManager.swift in Sources */ = {isa = PBXBuildFile; fileRef = F987C49726E2A16400751CA8 /* WebServiceManager.swift */; };
		F987C49A26E2A16400751CA8 /* WebServiceHelper.swift in Sources */ = {isa = PBXBuildFile; fileRef = F987C49826E2A16400751CA8 /* WebServiceHelper.swift */; };
		F99D5A0926E7F70E00F4C3F4 /* OrdersDetailModel.swift in Sources */ = {isa = PBXBuildFile; fileRef = F99D5A0826E7F70E00F4C3F4 /* OrdersDetailModel.swift */; };
		F9A7330226D4EBEF0006BE93 /* SignUpModel.swift in Sources */ = {isa = PBXBuildFile; fileRef = F9A7330126D4EBEF0006BE93 /* SignUpModel.swift */; };
		F9A7330426D4FBCB0006BE93 /* WelcomeViewController.swift in Sources */ = {isa = PBXBuildFile; fileRef = F9A7330326D4FBCB0006BE93 /* WelcomeViewController.swift */; };
		F9A7330626D5002C0006BE93 /* LoginViewController.swift in Sources */ = {isa = PBXBuildFile; fileRef = F9A7330526D5002C0006BE93 /* LoginViewController.swift */; };
		F9A7330826D505460006BE93 /* SignUpViewController.swift in Sources */ = {isa = PBXBuildFile; fileRef = F9A7330726D505460006BE93 /* SignUpViewController.swift */; };
		F9AB33EA26D8DFA100D1AF78 /* DishDetailViewController.swift in Sources */ = {isa = PBXBuildFile; fileRef = F9AB33E926D8DFA100D1AF78 /* DishDetailViewController.swift */; };
		F9AEB24926E01E35002CE923 /* ForgotPasswordViewController.swift in Sources */ = {isa = PBXBuildFile; fileRef = F9AEB24826E01E35002CE923 /* ForgotPasswordViewController.swift */; };
		F9BDFEEF26E6A5A300672CD3 /* ProductDetailModel.swift in Sources */ = {isa = PBXBuildFile; fileRef = F9BDFEEE26E6A5A300672CD3 /* ProductDetailModel.swift */; };
		F9DA4E2626E3F7FB00A3D3A0 /* BannerModel.swift in Sources */ = {isa = PBXBuildFile; fileRef = F9DA4E2526E3F7FB00A3D3A0 /* BannerModel.swift */; };
		F9ED45C426D803080053404C /* MapKit.framework in Frameworks */ = {isa = PBXBuildFile; fileRef = F9ED45C326D803080053404C /* MapKit.framework */; };
		F9F315F226DB63C70015BCDC /* MyRewardViewController.swift in Sources */ = {isa = PBXBuildFile; fileRef = F9F315F126DB63C70015BCDC /* MyRewardViewController.swift */; };
		F9F315F426DB667B0015BCDC /* MyRewardTableViewCell.swift in Sources */ = {isa = PBXBuildFile; fileRef = F9F315F326DB667B0015BCDC /* MyRewardTableViewCell.swift */; };
		F9F315FB26DB693E0015BCDC /* AboutUsViewController.swift in Sources */ = {isa = PBXBuildFile; fileRef = F9F315FA26DB693E0015BCDC /* AboutUsViewController.swift */; };
		F9F315FE26DB69560015BCDC /* SupportViewController.swift in Sources */ = {isa = PBXBuildFile; fileRef = F9F315FD26DB69560015BCDC /* SupportViewController.swift */; };
		F9F3160126DB69830015BCDC /* NotificationViewController.swift in Sources */ = {isa = PBXBuildFile; fileRef = F9F3160026DB69830015BCDC /* NotificationViewController.swift */; };
		F9F3160326DB69970015BCDC /* MyOffersViewController.swift in Sources */ = {isa = PBXBuildFile; fileRef = F9F3160226DB69970015BCDC /* MyOffersViewController.swift */; };
		F9F3160526DB69B80015BCDC /* MyFavoritesViewController.swift in Sources */ = {isa = PBXBuildFile; fileRef = F9F3160426DB69B80015BCDC /* MyFavoritesViewController.swift */; };
		F9F3160826DB69D50015BCDC /* SendPackageViewController.swift in Sources */ = {isa = PBXBuildFile; fileRef = F9F3160726DB69D50015BCDC /* SendPackageViewController.swift */; };
		F9F3160B26DB9B740015BCDC /* SendPackageTableViewCell.swift in Sources */ = {isa = PBXBuildFile; fileRef = F9F3160A26DB9B740015BCDC /* SendPackageTableViewCell.swift */; };
		F9F74AA426D82E7200E2822B /* FoodOrderViewController.swift in Sources */ = {isa = PBXBuildFile; fileRef = F9F74AA326D82E7200E2822B /* FoodOrderViewController.swift */; };
		F9F74AA626D82FE600E2822B /* DishesCollectionViewCell.swift in Sources */ = {isa = PBXBuildFile; fileRef = F9F74AA526D82FE600E2822B /* DishesCollectionViewCell.swift */; };
		F9F74AA826D8301400E2822B /* FoodOrderTableViewCell.swift in Sources */ = {isa = PBXBuildFile; fileRef = F9F74AA726D8301400E2822B /* FoodOrderTableViewCell.swift */; };
/* End PBXBuildFile section */

/* Begin PBXFileReference section */
		096AC128A4552D284DEBC743 /* Pods-Appurados.debug.xcconfig */ = {isa = PBXFileReference; includeInIndex = 1; lastKnownFileType = text.xcconfig; name = "Pods-Appurados.debug.xcconfig"; path = "Target Support Files/Pods-Appurados/Pods-Appurados.debug.xcconfig"; sourceTree = "<group>"; };
		6A63E9C826D67D5A00CD93DC /* HomeTopMenuCollectionViewCell.swift */ = {isa = PBXFileReference; lastKnownFileType = sourcecode.swift; path = HomeTopMenuCollectionViewCell.swift; sourceTree = "<group>"; };
		736A1F4F2FDC97A4254182CC /* Pods_Appurados.framework */ = {isa = PBXFileReference; explicitFileType = wrapper.framework; includeInIndex = 0; path = Pods_Appurados.framework; sourceTree = BUILT_PRODUCTS_DIR; };
		8D52F48F7188B07A433E4C55 /* Pods-Appurados.release.xcconfig */ = {isa = PBXFileReference; includeInIndex = 1; lastKnownFileType = text.xcconfig; name = "Pods-Appurados.release.xcconfig"; path = "Target Support Files/Pods-Appurados/Pods-Appurados.release.xcconfig"; sourceTree = "<group>"; };
		F90626F926DAC0AE009E8736 /* PendingOrderListTableViewCell.swift */ = {isa = PBXFileReference; lastKnownFileType = sourcecode.swift; path = PendingOrderListTableViewCell.swift; sourceTree = "<group>"; };
		F910A8CC26E36C82005D529F /* MapsViewController.swift */ = {isa = PBXFileReference; lastKnownFileType = sourcecode.swift; path = MapsViewController.swift; sourceTree = "<group>"; };
		F914878026E8E3BE00458BE7 /* RewardModel.swift */ = {isa = PBXFileReference; lastKnownFileType = sourcecode.swift; path = RewardModel.swift; sourceTree = "<group>"; };
		F914878226E8EC8200458BE7 /* NotificationModel.swift */ = {isa = PBXFileReference; lastKnownFileType = sourcecode.swift; path = NotificationModel.swift; sourceTree = "<group>"; };
		F914878526E8EEE900458BE7 /* FloatRatingView.swift */ = {isa = PBXFileReference; fileEncoding = 4; lastKnownFileType = sourcecode.swift; path = FloatRatingView.swift; sourceTree = "<group>"; };
		F91C595F26D9350200808697 /* ProfileViewController.swift */ = {isa = PBXFileReference; lastKnownFileType = sourcecode.swift; path = ProfileViewController.swift; sourceTree = "<group>"; };
		F92793D226DE5E06002DA4EF /* NotificationTableViewCell.swift */ = {isa = PBXFileReference; lastKnownFileType = sourcecode.swift; path = NotificationTableViewCell.swift; sourceTree = "<group>"; };
		F92793D426DE7B0B002DA4EF /* OrderDetailViewController.swift */ = {isa = PBXFileReference; lastKnownFileType = sourcecode.swift; path = OrderDetailViewController.swift; sourceTree = "<group>"; };
		F92793D626DE7C19002DA4EF /* VarientTableViewCell.swift */ = {isa = PBXFileReference; lastKnownFileType = sourcecode.swift; path = VarientTableViewCell.swift; sourceTree = "<group>"; };
		F935B01726DEBA5E00FC86A7 /* FoodDetailViewController.swift */ = {isa = PBXFileReference; lastKnownFileType = sourcecode.swift; path = FoodDetailViewController.swift; sourceTree = "<group>"; };
		F935B01926DEBAAA00FC86A7 /* FoodDetailCollectionViewCell.swift */ = {isa = PBXFileReference; lastKnownFileType = sourcecode.swift; path = FoodDetailCollectionViewCell.swift; sourceTree = "<group>"; };
		F935B01B26DEBABF00FC86A7 /* FoodDetailTableViewCell.swift */ = {isa = PBXFileReference; lastKnownFileType = sourcecode.swift; path = FoodDetailTableViewCell.swift; sourceTree = "<group>"; };
		F95597A226D4160A007390F7 /* Appurados.app */ = {isa = PBXFileReference; explicitFileType = wrapper.application; includeInIndex = 0; path = Appurados.app; sourceTree = BUILT_PRODUCTS_DIR; };
		F95597A526D4160A007390F7 /* AppDelegate.swift */ = {isa = PBXFileReference; lastKnownFileType = sourcecode.swift; path = AppDelegate.swift; sourceTree = "<group>"; };
		F95597A726D4160A007390F7 /* SceneDelegate.swift */ = {isa = PBXFileReference; lastKnownFileType = sourcecode.swift; path = SceneDelegate.swift; sourceTree = "<group>"; };
		F95597A926D4160A007390F7 /* ViewController.swift */ = {isa = PBXFileReference; lastKnownFileType = sourcecode.swift; path = ViewController.swift; sourceTree = "<group>"; };
		F95597AC26D4160A007390F7 /* Base */ = {isa = PBXFileReference; lastKnownFileType = file.storyboard; name = Base; path = Base.lproj/Main.storyboard; sourceTree = "<group>"; };
		F95597AE26D4160C007390F7 /* Assets.xcassets */ = {isa = PBXFileReference; lastKnownFileType = folder.assetcatalog; path = Assets.xcassets; sourceTree = "<group>"; };
		F95597B126D4160C007390F7 /* Base */ = {isa = PBXFileReference; lastKnownFileType = file.storyboard; name = Base; path = Base.lproj/LaunchScreen.storyboard; sourceTree = "<group>"; };
		F95597B326D4160C007390F7 /* Info.plist */ = {isa = PBXFileReference; lastKnownFileType = text.plist.xml; path = Info.plist; sourceTree = "<group>"; };
		F95F541026E527CD0047D1A7 /* RestaurentsDetailModel.swift */ = {isa = PBXFileReference; lastKnownFileType = sourcecode.swift; path = RestaurentsDetailModel.swift; sourceTree = "<group>"; };
		F978DE2126D4D155009FA173 /* HomeViewController.swift */ = {isa = PBXFileReference; lastKnownFileType = sourcecode.swift; path = HomeViewController.swift; sourceTree = "<group>"; };
		F978DE2326D4DBAE009FA173 /* MapViewController.swift */ = {isa = PBXFileReference; lastKnownFileType = sourcecode.swift; path = MapViewController.swift; sourceTree = "<group>"; };
		F978DE2526D4DD56009FA173 /* MessageConstant.swift */ = {isa = PBXFileReference; fileEncoding = 4; lastKnownFileType = sourcecode.swift; path = MessageConstant.swift; sourceTree = "<group>"; };
		F978DE2626D4DD56009FA173 /* ValidationManager.swift */ = {isa = PBXFileReference; fileEncoding = 4; lastKnownFileType = sourcecode.swift; path = ValidationManager.swift; sourceTree = "<group>"; };
		F978DE2726D4DD56009FA173 /* Extensions.swift */ = {isa = PBXFileReference; fileEncoding = 4; lastKnownFileType = sourcecode.swift; path = Extensions.swift; sourceTree = "<group>"; };
		F978DE2826D4DD56009FA173 /* AlertViewController.swift */ = {isa = PBXFileReference; fileEncoding = 4; lastKnownFileType = sourcecode.swift; path = AlertViewController.swift; sourceTree = "<group>"; };
		F978DE2A26D4DD56009FA173 /* CustomUIView.swift */ = {isa = PBXFileReference; fileEncoding = 4; lastKnownFileType = sourcecode.swift; path = CustomUIView.swift; sourceTree = "<group>"; };
		F978DE2B26D4DD56009FA173 /* TableViewExtension.swift */ = {isa = PBXFileReference; fileEncoding = 4; lastKnownFileType = sourcecode.swift; path = TableViewExtension.swift; sourceTree = "<group>"; };
		F978DE3426D4DD80009FA173 /* RDTextView.swift */ = {isa = PBXFileReference; fileEncoding = 4; lastKnownFileType = sourcecode.swift; path = RDTextView.swift; sourceTree = "<group>"; };
		F978DE3926D4DD80009FA173 /* SideMenu.h */ = {isa = PBXFileReference; fileEncoding = 4; lastKnownFileType = sourcecode.c.h; path = SideMenu.h; sourceTree = "<group>"; };
		F978DE3A26D4DD80009FA173 /* UIViewController+SideMenu.swift */ = {isa = PBXFileReference; fileEncoding = 4; lastKnownFileType = sourcecode.swift; path = "UIViewController+SideMenu.swift"; sourceTree = "<group>"; };
		F978DE3B26D4DD80009FA173 /* StatusBar.swift */ = {isa = PBXFileReference; fileEncoding = 4; lastKnownFileType = sourcecode.swift; path = StatusBar.swift; sourceTree = "<group>"; };
		F978DE3C26D4DD80009FA173 /* Preferences.swift */ = {isa = PBXFileReference; fileEncoding = 4; lastKnownFileType = sourcecode.swift; path = Preferences.swift; sourceTree = "<group>"; };
		F978DE3D26D4DD80009FA173 /* Delegate.swift */ = {isa = PBXFileReference; fileEncoding = 4; lastKnownFileType = sourcecode.swift; path = Delegate.swift; sourceTree = "<group>"; };
		F978DE3E26D4DD80009FA173 /* TransitionContext.swift */ = {isa = PBXFileReference; fileEncoding = 4; lastKnownFileType = sourcecode.swift; path = TransitionContext.swift; sourceTree = "<group>"; };
		F978DE3F26D4DD80009FA173 /* UIViewController+Container.swift */ = {isa = PBXFileReference; fileEncoding = 4; lastKnownFileType = sourcecode.swift; path = "UIViewController+Container.swift"; sourceTree = "<group>"; };
		F978DE4026D4DD80009FA173 /* Segue.swift */ = {isa = PBXFileReference; fileEncoding = 4; lastKnownFileType = sourcecode.swift; path = Segue.swift; sourceTree = "<group>"; };
		F978DE4126D4DD80009FA173 /* UIView+Container.swift */ = {isa = PBXFileReference; fileEncoding = 4; lastKnownFileType = sourcecode.swift; path = "UIView+Container.swift"; sourceTree = "<group>"; };
		F978DE4226D4DD80009FA173 /* SideMenuController.swift */ = {isa = PBXFileReference; fileEncoding = 4; lastKnownFileType = sourcecode.swift; path = SideMenuController.swift; sourceTree = "<group>"; };
		F978DE4326D4DD80009FA173 /* BasicTransitionAnimator.swift */ = {isa = PBXFileReference; fileEncoding = 4; lastKnownFileType = sourcecode.swift; path = BasicTransitionAnimator.swift; sourceTree = "<group>"; };
		F978DE4526D4DD80009FA173 /* RevealViewController.swift */ = {isa = PBXFileReference; fileEncoding = 4; lastKnownFileType = sourcecode.swift; path = RevealViewController.swift; sourceTree = "<group>"; };
		F978DE4626D4DD80009FA173 /* SWRevealViewController.h */ = {isa = PBXFileReference; fileEncoding = 4; lastKnownFileType = sourcecode.c.h; path = SWRevealViewController.h; sourceTree = "<group>"; };
		F978DE4726D4DD80009FA173 /* SWRevealViewController+Extensions.swift */ = {isa = PBXFileReference; fileEncoding = 4; lastKnownFileType = sourcecode.swift; path = "SWRevealViewController+Extensions.swift"; sourceTree = "<group>"; };
		F978DE4826D4DD80009FA173 /* SWRevealViewController.m */ = {isa = PBXFileReference; fileEncoding = 4; lastKnownFileType = sourcecode.c.objc; path = SWRevealViewController.m; sourceTree = "<group>"; };
		F978DE4926D4DD80009FA173 /* FillNow-Bridging-Header.h */ = {isa = PBXFileReference; fileEncoding = 4; lastKnownFileType = sourcecode.c.h; path = "FillNow-Bridging-Header.h"; sourceTree = "<group>"; };
		F978DE5926D4DDA2009FA173 /* AppSideMenuViewController.swift */ = {isa = PBXFileReference; fileEncoding = 4; lastKnownFileType = sourcecode.swift; path = AppSideMenuViewController.swift; sourceTree = "<group>"; };
		F978DE5B26D4DDA2009FA173 /* AppSideMenuTableViewCell.swift */ = {isa = PBXFileReference; fileEncoding = 4; lastKnownFileType = sourcecode.swift; path = AppSideMenuTableViewCell.swift; sourceTree = "<group>"; };
		F978DE5F26D4E7FC009FA173 /* UserDefaultExtension.swift */ = {isa = PBXFileReference; fileEncoding = 4; lastKnownFileType = sourcecode.swift; path = UserDefaultExtension.swift; sourceTree = "<group>"; };
		F978DE6026D4E7FC009FA173 /* AppSharedData.swift */ = {isa = PBXFileReference; fileEncoding = 4; lastKnownFileType = sourcecode.swift; path = AppSharedData.swift; sourceTree = "<group>"; };
		F978DE6426D4E86A009FA173 /* BridgingHeader.h */ = {isa = PBXFileReference; lastKnownFileType = sourcecode.c.h; path = BridgingHeader.h; sourceTree = "<group>"; };
		F98787BF26DA2D5700FA0DFF /* MyCartViewController.swift */ = {isa = PBXFileReference; lastKnownFileType = sourcecode.swift; path = MyCartViewController.swift; sourceTree = "<group>"; };
		F98787C226DA2F2800FA0DFF /* MyCartTableViewCell.swift */ = {isa = PBXFileReference; lastKnownFileType = sourcecode.swift; path = MyCartTableViewCell.swift; sourceTree = "<group>"; };
		F98787C626DA5FA400FA0DFF /* MyOrdersViewController.swift */ = {isa = PBXFileReference; lastKnownFileType = sourcecode.swift; path = MyOrdersViewController.swift; sourceTree = "<group>"; };
		F98787C926DA628F00FA0DFF /* PendingViewController.swift */ = {isa = PBXFileReference; lastKnownFileType = sourcecode.swift; path = PendingViewController.swift; sourceTree = "<group>"; };
		F98787CB26DA629C00FA0DFF /* OngoingViewController.swift */ = {isa = PBXFileReference; lastKnownFileType = sourcecode.swift; path = OngoingViewController.swift; sourceTree = "<group>"; };
		F98787CD26DA62A600FA0DFF /* CompleteViewController.swift */ = {isa = PBXFileReference; lastKnownFileType = sourcecode.swift; path = CompleteViewController.swift; sourceTree = "<group>"; };
		F987C49726E2A16400751CA8 /* WebServiceManager.swift */ = {isa = PBXFileReference; fileEncoding = 4; lastKnownFileType = sourcecode.swift; path = WebServiceManager.swift; sourceTree = "<group>"; };
		F987C49826E2A16400751CA8 /* WebServiceHelper.swift */ = {isa = PBXFileReference; fileEncoding = 4; lastKnownFileType = sourcecode.swift; path = WebServiceHelper.swift; sourceTree = "<group>"; };
		F99D5A0826E7F70E00F4C3F4 /* OrdersDetailModel.swift */ = {isa = PBXFileReference; lastKnownFileType = sourcecode.swift; path = OrdersDetailModel.swift; sourceTree = "<group>"; };
		F9A7330126D4EBEF0006BE93 /* SignUpModel.swift */ = {isa = PBXFileReference; fileEncoding = 4; lastKnownFileType = sourcecode.swift; path = SignUpModel.swift; sourceTree = "<group>"; };
		F9A7330326D4FBCB0006BE93 /* WelcomeViewController.swift */ = {isa = PBXFileReference; lastKnownFileType = sourcecode.swift; path = WelcomeViewController.swift; sourceTree = "<group>"; };
		F9A7330526D5002C0006BE93 /* LoginViewController.swift */ = {isa = PBXFileReference; lastKnownFileType = sourcecode.swift; path = LoginViewController.swift; sourceTree = "<group>"; };
		F9A7330726D505460006BE93 /* SignUpViewController.swift */ = {isa = PBXFileReference; lastKnownFileType = sourcecode.swift; path = SignUpViewController.swift; sourceTree = "<group>"; };
		F9AB33E926D8DFA100D1AF78 /* DishDetailViewController.swift */ = {isa = PBXFileReference; lastKnownFileType = sourcecode.swift; path = DishDetailViewController.swift; sourceTree = "<group>"; };
		F9AEB24826E01E35002CE923 /* ForgotPasswordViewController.swift */ = {isa = PBXFileReference; lastKnownFileType = sourcecode.swift; path = ForgotPasswordViewController.swift; sourceTree = "<group>"; };
		F9BDFEEE26E6A5A300672CD3 /* ProductDetailModel.swift */ = {isa = PBXFileReference; lastKnownFileType = sourcecode.swift; path = ProductDetailModel.swift; sourceTree = "<group>"; };
		F9DA4E2526E3F7FB00A3D3A0 /* BannerModel.swift */ = {isa = PBXFileReference; lastKnownFileType = sourcecode.swift; path = BannerModel.swift; sourceTree = "<group>"; };
		F9ED45C326D803080053404C /* MapKit.framework */ = {isa = PBXFileReference; lastKnownFileType = wrapper.framework; name = MapKit.framework; path = System/Library/Frameworks/MapKit.framework; sourceTree = SDKROOT; };
		F9ED45C526D803180053404C /* Appurados.entitlements */ = {isa = PBXFileReference; lastKnownFileType = text.plist.entitlements; path = Appurados.entitlements; sourceTree = "<group>"; };
		F9F315F126DB63C70015BCDC /* MyRewardViewController.swift */ = {isa = PBXFileReference; lastKnownFileType = sourcecode.swift; path = MyRewardViewController.swift; sourceTree = "<group>"; };
		F9F315F326DB667B0015BCDC /* MyRewardTableViewCell.swift */ = {isa = PBXFileReference; lastKnownFileType = sourcecode.swift; path = MyRewardTableViewCell.swift; sourceTree = "<group>"; };
		F9F315FA26DB693E0015BCDC /* AboutUsViewController.swift */ = {isa = PBXFileReference; lastKnownFileType = sourcecode.swift; path = AboutUsViewController.swift; sourceTree = "<group>"; };
		F9F315FD26DB69560015BCDC /* SupportViewController.swift */ = {isa = PBXFileReference; lastKnownFileType = sourcecode.swift; path = SupportViewController.swift; sourceTree = "<group>"; };
		F9F3160026DB69830015BCDC /* NotificationViewController.swift */ = {isa = PBXFileReference; lastKnownFileType = sourcecode.swift; path = NotificationViewController.swift; sourceTree = "<group>"; };
		F9F3160226DB69970015BCDC /* MyOffersViewController.swift */ = {isa = PBXFileReference; lastKnownFileType = sourcecode.swift; path = MyOffersViewController.swift; sourceTree = "<group>"; };
		F9F3160426DB69B80015BCDC /* MyFavoritesViewController.swift */ = {isa = PBXFileReference; lastKnownFileType = sourcecode.swift; path = MyFavoritesViewController.swift; sourceTree = "<group>"; };
		F9F3160726DB69D50015BCDC /* SendPackageViewController.swift */ = {isa = PBXFileReference; lastKnownFileType = sourcecode.swift; path = SendPackageViewController.swift; sourceTree = "<group>"; };
		F9F3160A26DB9B740015BCDC /* SendPackageTableViewCell.swift */ = {isa = PBXFileReference; lastKnownFileType = sourcecode.swift; path = SendPackageTableViewCell.swift; sourceTree = "<group>"; };
		F9F74AA326D82E7200E2822B /* FoodOrderViewController.swift */ = {isa = PBXFileReference; lastKnownFileType = sourcecode.swift; path = FoodOrderViewController.swift; sourceTree = "<group>"; };
		F9F74AA526D82FE600E2822B /* DishesCollectionViewCell.swift */ = {isa = PBXFileReference; lastKnownFileType = sourcecode.swift; path = DishesCollectionViewCell.swift; sourceTree = "<group>"; };
		F9F74AA726D8301400E2822B /* FoodOrderTableViewCell.swift */ = {isa = PBXFileReference; lastKnownFileType = sourcecode.swift; path = FoodOrderTableViewCell.swift; sourceTree = "<group>"; };
/* End PBXFileReference section */

/* Begin PBXFrameworksBuildPhase section */
		F955979F26D4160A007390F7 /* Frameworks */ = {
			isa = PBXFrameworksBuildPhase;
			buildActionMask = 2147483647;
			files = (
				F9ED45C426D803080053404C /* MapKit.framework in Frameworks */,
				84228705DDE282F471586451 /* Pods_Appurados.framework in Frameworks */,
			);
			runOnlyForDeploymentPostprocessing = 0;
		};
/* End PBXFrameworksBuildPhase section */

/* Begin PBXGroup section */
		2D7B22E4A4D28C9F53445396 /* Pods */ = {
			isa = PBXGroup;
			children = (
				096AC128A4552D284DEBC743 /* Pods-Appurados.debug.xcconfig */,
				8D52F48F7188B07A433E4C55 /* Pods-Appurados.release.xcconfig */,
			);
			path = Pods;
			sourceTree = "<group>";
		};
		6A63E9C726D67D3700CD93DC /* CellClasses */ = {
			isa = PBXGroup;
			children = (
				6A63E9C826D67D5A00CD93DC /* HomeTopMenuCollectionViewCell.swift */,
			);
			path = CellClasses;
			sourceTree = "<group>";
		};
		CA65B790DF243011F0DA040E /* Frameworks */ = {
			isa = PBXGroup;
			children = (
				F9ED45C326D803080053404C /* MapKit.framework */,
				736A1F4F2FDC97A4254182CC /* Pods_Appurados.framework */,
			);
			name = Frameworks;
			sourceTree = "<group>";
		};
		F90626F826DAC092009E8736 /* CellClass */ = {
			isa = PBXGroup;
			children = (
				F90626F926DAC0AE009E8736 /* PendingOrderListTableViewCell.swift */,
			);
			path = CellClass;
			sourceTree = "<group>";
		};
		F910A8CB26E36C68005D529F /* Google Map */ = {
			isa = PBXGroup;
			children = (
				F910A8CC26E36C82005D529F /* MapsViewController.swift */,
			);
			path = "Google Map";
			sourceTree = "<group>";
		};
		F914878426E8EED500458BE7 /* FloatingRatingView */ = {
			isa = PBXGroup;
			children = (
				F914878526E8EEE900458BE7 /* FloatRatingView.swift */,
			);
			path = FloatingRatingView;
			sourceTree = "<group>";
		};
		F91C595E26D934CD00808697 /* Profile */ = {
			isa = PBXGroup;
			children = (
				F91C595F26D9350200808697 /* ProfileViewController.swift */,
			);
			path = Profile;
			sourceTree = "<group>";
		};
		F92793D126DE5DAF002DA4EF /* CellClasses */ = {
			isa = PBXGroup;
			children = (
				F92793D226DE5E06002DA4EF /* NotificationTableViewCell.swift */,
			);
			path = CellClasses;
			sourceTree = "<group>";
		};
		F955979926D4160A007390F7 = {
			isa = PBXGroup;
			children = (
				F95597A426D4160A007390F7 /* Appurados */,
				F95597A326D4160A007390F7 /* Products */,
				2D7B22E4A4D28C9F53445396 /* Pods */,
				CA65B790DF243011F0DA040E /* Frameworks */,
			);
			sourceTree = "<group>";
		};
		F95597A326D4160A007390F7 /* Products */ = {
			isa = PBXGroup;
			children = (
				F95597A226D4160A007390F7 /* Appurados.app */,
			);
			name = Products;
			sourceTree = "<group>";
		};
		F95597A426D4160A007390F7 /* Appurados */ = {
			isa = PBXGroup;
			children = (
				F9ED45C526D803180053404C /* Appurados.entitlements */,
				F987C49626E2A16400751CA8 /* WebServiceManager */,
				F9A7330026D4EBD60006BE93 /* ModelsClasses */,
				F978DE6326D4E853009FA173 /* BridgingHeader */,
				F978DE3226D4DD70009FA173 /* Resorce */,
				F978DE1B26D4D0CE009FA173 /* Extensions */,
				F978DE1926D4D0BE009FA173 /* Controllers */,
				F95597A526D4160A007390F7 /* AppDelegate.swift */,
				F95597A726D4160A007390F7 /* SceneDelegate.swift */,
				F95597A926D4160A007390F7 /* ViewController.swift */,
				F95597AB26D4160A007390F7 /* Main.storyboard */,
				F95597AE26D4160C007390F7 /* Assets.xcassets */,
				F95597B026D4160C007390F7 /* LaunchScreen.storyboard */,
				F95597B326D4160C007390F7 /* Info.plist */,
			);
			path = Appurados;
			sourceTree = "<group>";
		};
		F978DE1926D4D0BE009FA173 /* Controllers */ = {
			isa = PBXGroup;
			children = (
				F910A8CB26E36C68005D529F /* Google Map */,
				F9F3160626DB69C60015BCDC /* PackageOrders */,
				F9F315FC26DB69460015BCDC /* Support */,
				F9F315F926DB692B0015BCDC /* AboutUs */,
				F9F315F726DB69110015BCDC /* Notifications */,
				F9F315F626DB68F20015BCDC /* MyFavorites */,
				F9F315F526DB68E20015BCDC /* MyOffers */,
				F9F315F026DB637F0015BCDC /* MyReward */,
				F98787C526DA5F9100FA0DFF /* MyOrders */,
				F98787BE26DA2D4300FA0DFF /* MyCart */,
				F91C595E26D934CD00808697 /* Profile */,
				F978DE5E26D4E7FC009FA173 /* AppSharedClass */,
				F978DE5826D4DDA2009FA173 /* SideMenuController */,
				F978DE2026D4D143009FA173 /* Home */,
				F978DE1F26D4D13A009FA173 /* LoginSignup */,
			);
			path = Controllers;
			sourceTree = "<group>";
		};
		F978DE1B26D4D0CE009FA173 /* Extensions */ = {
			isa = PBXGroup;
			children = (
				F978DE2826D4DD56009FA173 /* AlertViewController.swift */,
				F978DE2726D4DD56009FA173 /* Extensions.swift */,
				F978DE2926D4DD56009FA173 /* IBDesignableClassesView */,
				F978DE2526D4DD56009FA173 /* MessageConstant.swift */,
				F978DE2B26D4DD56009FA173 /* TableViewExtension.swift */,
				F978DE2626D4DD56009FA173 /* ValidationManager.swift */,
			);
			path = Extensions;
			sourceTree = "<group>";
		};
		F978DE1F26D4D13A009FA173 /* LoginSignup */ = {
			isa = PBXGroup;
			children = (
				F9A7330326D4FBCB0006BE93 /* WelcomeViewController.swift */,
				F9A7330526D5002C0006BE93 /* LoginViewController.swift */,
				F9A7330726D505460006BE93 /* SignUpViewController.swift */,
				F9AEB24826E01E35002CE923 /* ForgotPasswordViewController.swift */,
			);
			path = LoginSignup;
			sourceTree = "<group>";
		};
		F978DE2026D4D143009FA173 /* Home */ = {
			isa = PBXGroup;
			children = (
				F9F74AA226D82E5600E2822B /* FoodOrder */,
				6A63E9C726D67D3700CD93DC /* CellClasses */,
				F978DE2126D4D155009FA173 /* HomeViewController.swift */,
				F978DE2326D4DBAE009FA173 /* MapViewController.swift */,
			);
			path = Home;
			sourceTree = "<group>";
		};
		F978DE2926D4DD56009FA173 /* IBDesignableClassesView */ = {
			isa = PBXGroup;
			children = (
				F978DE2A26D4DD56009FA173 /* CustomUIView.swift */,
			);
			path = IBDesignableClassesView;
			sourceTree = "<group>";
		};
		F978DE3226D4DD70009FA173 /* Resorce */ = {
			isa = PBXGroup;
			children = (
				F914878426E8EED500458BE7 /* FloatingRatingView */,
				F978DE3326D4DD80009FA173 /* RDTextView */,
				F978DE3526D4DD80009FA173 /* SideMenuClasses */,
			);
			path = Resorce;
			sourceTree = "<group>";
		};
		F978DE3326D4DD80009FA173 /* RDTextView */ = {
			isa = PBXGroup;
			children = (
				F978DE3426D4DD80009FA173 /* RDTextView.swift */,
			);
			path = RDTextView;
			sourceTree = "<group>";
		};
		F978DE3526D4DD80009FA173 /* SideMenuClasses */ = {
			isa = PBXGroup;
			children = (
				F978DE3626D4DD80009FA173 /* SideMenu */,
				F978DE4426D4DD80009FA173 /* SWRevealController */,
			);
			path = SideMenuClasses;
			sourceTree = "<group>";
		};
		F978DE3626D4DD80009FA173 /* SideMenu */ = {
			isa = PBXGroup;
			children = (
				F978DE3726D4DD80009FA173 /* Sources */,
			);
			path = SideMenu;
			sourceTree = "<group>";
		};
		F978DE3726D4DD80009FA173 /* Sources */ = {
			isa = PBXGroup;
			children = (
				F978DE3826D4DD80009FA173 /* SideMenu */,
			);
			path = Sources;
			sourceTree = "<group>";
		};
		F978DE3826D4DD80009FA173 /* SideMenu */ = {
			isa = PBXGroup;
			children = (
				F978DE3926D4DD80009FA173 /* SideMenu.h */,
				F978DE3A26D4DD80009FA173 /* UIViewController+SideMenu.swift */,
				F978DE3B26D4DD80009FA173 /* StatusBar.swift */,
				F978DE3C26D4DD80009FA173 /* Preferences.swift */,
				F978DE3D26D4DD80009FA173 /* Delegate.swift */,
				F978DE3E26D4DD80009FA173 /* TransitionContext.swift */,
				F978DE3F26D4DD80009FA173 /* UIViewController+Container.swift */,
				F978DE4026D4DD80009FA173 /* Segue.swift */,
				F978DE4126D4DD80009FA173 /* UIView+Container.swift */,
				F978DE4226D4DD80009FA173 /* SideMenuController.swift */,
				F978DE4326D4DD80009FA173 /* BasicTransitionAnimator.swift */,
			);
			path = SideMenu;
			sourceTree = "<group>";
		};
		F978DE4426D4DD80009FA173 /* SWRevealController */ = {
			isa = PBXGroup;
			children = (
				F978DE4526D4DD80009FA173 /* RevealViewController.swift */,
				F978DE4626D4DD80009FA173 /* SWRevealViewController.h */,
				F978DE4726D4DD80009FA173 /* SWRevealViewController+Extensions.swift */,
				F978DE4826D4DD80009FA173 /* SWRevealViewController.m */,
				F978DE4926D4DD80009FA173 /* FillNow-Bridging-Header.h */,
			);
			path = SWRevealController;
			sourceTree = "<group>";
		};
		F978DE5826D4DDA2009FA173 /* SideMenuController */ = {
			isa = PBXGroup;
			children = (
				F978DE5926D4DDA2009FA173 /* AppSideMenuViewController.swift */,
				F978DE5A26D4DDA2009FA173 /* Cell */,
			);
			path = SideMenuController;
			sourceTree = "<group>";
		};
		F978DE5A26D4DDA2009FA173 /* Cell */ = {
			isa = PBXGroup;
			children = (
				F978DE5B26D4DDA2009FA173 /* AppSideMenuTableViewCell.swift */,
			);
			path = Cell;
			sourceTree = "<group>";
		};
		F978DE5E26D4E7FC009FA173 /* AppSharedClass */ = {
			isa = PBXGroup;
			children = (
				F978DE5F26D4E7FC009FA173 /* UserDefaultExtension.swift */,
				F978DE6026D4E7FC009FA173 /* AppSharedData.swift */,
			);
			path = AppSharedClass;
			sourceTree = "<group>";
		};
		F978DE6326D4E853009FA173 /* BridgingHeader */ = {
			isa = PBXGroup;
			children = (
				F978DE6426D4E86A009FA173 /* BridgingHeader.h */,
			);
			path = BridgingHeader;
			sourceTree = "<group>";
		};
		F98787BE26DA2D4300FA0DFF /* MyCart */ = {
			isa = PBXGroup;
			children = (
				F98787C126DA2EEF00FA0DFF /* CellClasses */,
				F98787BF26DA2D5700FA0DFF /* MyCartViewController.swift */,
			);
			path = MyCart;
			sourceTree = "<group>";
		};
		F98787C126DA2EEF00FA0DFF /* CellClasses */ = {
			isa = PBXGroup;
			children = (
				F98787C226DA2F2800FA0DFF /* MyCartTableViewCell.swift */,
			);
			path = CellClasses;
			sourceTree = "<group>";
		};
		F98787C526DA5F9100FA0DFF /* MyOrders */ = {
			isa = PBXGroup;
			children = (
				F98787C826DA627E00FA0DFF /* ChildControllers */,
				F98787C626DA5FA400FA0DFF /* MyOrdersViewController.swift */,
			);
			path = MyOrders;
			sourceTree = "<group>";
		};
		F98787C826DA627E00FA0DFF /* ChildControllers */ = {
			isa = PBXGroup;
			children = (
				F90626F826DAC092009E8736 /* CellClass */,
				F98787C926DA628F00FA0DFF /* PendingViewController.swift */,
				F98787CB26DA629C00FA0DFF /* OngoingViewController.swift */,
				F98787CD26DA62A600FA0DFF /* CompleteViewController.swift */,
			);
			path = ChildControllers;
			sourceTree = "<group>";
		};
		F987C49626E2A16400751CA8 /* WebServiceManager */ = {
			isa = PBXGroup;
			children = (
				F987C49726E2A16400751CA8 /* WebServiceManager.swift */,
				F987C49826E2A16400751CA8 /* WebServiceHelper.swift */,
			);
			path = WebServiceManager;
			sourceTree = "<group>";
		};
		F9A7330026D4EBD60006BE93 /* ModelsClasses */ = {
			isa = PBXGroup;
			children = (
				F9A7330126D4EBEF0006BE93 /* SignUpModel.swift */,
				F9DA4E2526E3F7FB00A3D3A0 /* BannerModel.swift */,
				F95F541026E527CD0047D1A7 /* RestaurentsDetailModel.swift */,
				F9BDFEEE26E6A5A300672CD3 /* ProductDetailModel.swift */,
				F99D5A0826E7F70E00F4C3F4 /* OrdersDetailModel.swift */,
				F914878026E8E3BE00458BE7 /* RewardModel.swift */,
				F914878226E8EC8200458BE7 /* NotificationModel.swift */,
			);
			path = ModelsClasses;
			sourceTree = "<group>";
		};
		F9F315F026DB637F0015BCDC /* MyReward */ = {
			isa = PBXGroup;
			children = (
				F9F315F126DB63C70015BCDC /* MyRewardViewController.swift */,
				F9F315F326DB667B0015BCDC /* MyRewardTableViewCell.swift */,
			);
			path = MyReward;
			sourceTree = "<group>";
		};
		F9F315F526DB68E20015BCDC /* MyOffers */ = {
			isa = PBXGroup;
			children = (
				F9F3160226DB69970015BCDC /* MyOffersViewController.swift */,
			);
			path = MyOffers;
			sourceTree = "<group>";
		};
		F9F315F626DB68F20015BCDC /* MyFavorites */ = {
			isa = PBXGroup;
			children = (
				F9F3160426DB69B80015BCDC /* MyFavoritesViewController.swift */,
			);
			path = MyFavorites;
			sourceTree = "<group>";
		};
		F9F315F726DB69110015BCDC /* Notifications */ = {
			isa = PBXGroup;
			children = (
				F92793D126DE5DAF002DA4EF /* CellClasses */,
				F9F3160026DB69830015BCDC /* NotificationViewController.swift */,
			);
			path = Notifications;
			sourceTree = "<group>";
		};
		F9F315F926DB692B0015BCDC /* AboutUs */ = {
			isa = PBXGroup;
			children = (
				F9F315FA26DB693E0015BCDC /* AboutUsViewController.swift */,
			);
			path = AboutUs;
			sourceTree = "<group>";
		};
		F9F315FC26DB69460015BCDC /* Support */ = {
			isa = PBXGroup;
			children = (
				F9F315FD26DB69560015BCDC /* SupportViewController.swift */,
			);
			path = Support;
			sourceTree = "<group>";
		};
		F9F3160626DB69C60015BCDC /* PackageOrders */ = {
			isa = PBXGroup;
			children = (
				F9F3160926DB9B510015BCDC /* CellClasses */,
				F9F3160726DB69D50015BCDC /* SendPackageViewController.swift */,
			);
			path = PackageOrders;
			sourceTree = "<group>";
		};
		F9F3160926DB9B510015BCDC /* CellClasses */ = {
			isa = PBXGroup;
			children = (
				F9F3160A26DB9B740015BCDC /* SendPackageTableViewCell.swift */,
			);
			path = CellClasses;
			sourceTree = "<group>";
		};
		F9F74AA226D82E5600E2822B /* FoodOrder */ = {
			isa = PBXGroup;
			children = (
				F9F74AA926D8302A00E2822B /* CellClasses */,
				F9F74AA326D82E7200E2822B /* FoodOrderViewController.swift */,
				F9AB33E926D8DFA100D1AF78 /* DishDetailViewController.swift */,
				F92793D426DE7B0B002DA4EF /* OrderDetailViewController.swift */,
				F935B01726DEBA5E00FC86A7 /* FoodDetailViewController.swift */,
			);
			path = FoodOrder;
			sourceTree = "<group>";
		};
		F9F74AA926D8302A00E2822B /* CellClasses */ = {
			isa = PBXGroup;
			children = (
				F9F74AA526D82FE600E2822B /* DishesCollectionViewCell.swift */,
				F9F74AA726D8301400E2822B /* FoodOrderTableViewCell.swift */,
				F92793D626DE7C19002DA4EF /* VarientTableViewCell.swift */,
				F935B01926DEBAAA00FC86A7 /* FoodDetailCollectionViewCell.swift */,
				F935B01B26DEBABF00FC86A7 /* FoodDetailTableViewCell.swift */,
			);
			path = CellClasses;
			sourceTree = "<group>";
		};
/* End PBXGroup section */

/* Begin PBXNativeTarget section */
		F95597A126D4160A007390F7 /* Appurados */ = {
			isa = PBXNativeTarget;
			buildConfigurationList = F95597B626D4160C007390F7 /* Build configuration list for PBXNativeTarget "Appurados" */;
			buildPhases = (
				571DA3A6BC94550FBEFF7947 /* [CP] Check Pods Manifest.lock */,
				F955979E26D4160A007390F7 /* Sources */,
				F955979F26D4160A007390F7 /* Frameworks */,
				F95597A026D4160A007390F7 /* Resources */,
				9ACF910A94861E7682CC83D4 /* [CP] Embed Pods Frameworks */,
				607CCA4CC105B79413768A30 /* [CP] Copy Pods Resources */,
			);
			buildRules = (
			);
			dependencies = (
			);
			name = Appurados;
			productName = Appurados;
			productReference = F95597A226D4160A007390F7 /* Appurados.app */;
			productType = "com.apple.product-type.application";
		};
/* End PBXNativeTarget section */

/* Begin PBXProject section */
		F955979A26D4160A007390F7 /* Project object */ = {
			isa = PBXProject;
			attributes = {
				LastSwiftUpdateCheck = 1250;
				LastUpgradeCheck = 1250;
				TargetAttributes = {
					F95597A126D4160A007390F7 = {
						CreatedOnToolsVersion = 12.5.1;
					};
				};
			};
			buildConfigurationList = F955979D26D4160A007390F7 /* Build configuration list for PBXProject "Appurados" */;
			compatibilityVersion = "Xcode 9.3";
			developmentRegion = en;
			hasScannedForEncodings = 0;
			knownRegions = (
				en,
				Base,
			);
			mainGroup = F955979926D4160A007390F7;
			productRefGroup = F95597A326D4160A007390F7 /* Products */;
			projectDirPath = "";
			projectRoot = "";
			targets = (
				F95597A126D4160A007390F7 /* Appurados */,
			);
		};
/* End PBXProject section */

/* Begin PBXResourcesBuildPhase section */
		F95597A026D4160A007390F7 /* Resources */ = {
			isa = PBXResourcesBuildPhase;
			buildActionMask = 2147483647;
			files = (
				F95597B226D4160C007390F7 /* LaunchScreen.storyboard in Resources */,
				F95597AF26D4160C007390F7 /* Assets.xcassets in Resources */,
				F95597AD26D4160A007390F7 /* Main.storyboard in Resources */,
			);
			runOnlyForDeploymentPostprocessing = 0;
		};
/* End PBXResourcesBuildPhase section */

/* Begin PBXShellScriptBuildPhase section */
		571DA3A6BC94550FBEFF7947 /* [CP] Check Pods Manifest.lock */ = {
			isa = PBXShellScriptBuildPhase;
			buildActionMask = 2147483647;
			files = (
			);
			inputFileListPaths = (
			);
			inputPaths = (
				"${PODS_PODFILE_DIR_PATH}/Podfile.lock",
				"${PODS_ROOT}/Manifest.lock",
			);
			name = "[CP] Check Pods Manifest.lock";
			outputFileListPaths = (
			);
			outputPaths = (
				"$(DERIVED_FILE_DIR)/Pods-Appurados-checkManifestLockResult.txt",
			);
			runOnlyForDeploymentPostprocessing = 0;
			shellPath = /bin/sh;
			shellScript = "diff \"${PODS_PODFILE_DIR_PATH}/Podfile.lock\" \"${PODS_ROOT}/Manifest.lock\" > /dev/null\nif [ $? != 0 ] ; then\n    # print error to STDERR\n    echo \"error: The sandbox is not in sync with the Podfile.lock. Run 'pod install' or update your CocoaPods installation.\" >&2\n    exit 1\nfi\n# This output is used by Xcode 'outputs' to avoid re-running this script phase.\necho \"SUCCESS\" > \"${SCRIPT_OUTPUT_FILE_0}\"\n";
			showEnvVarsInLog = 0;
		};
		607CCA4CC105B79413768A30 /* [CP] Copy Pods Resources */ = {
			isa = PBXShellScriptBuildPhase;
			buildActionMask = 2147483647;
			files = (
			);
			inputFileListPaths = (
				"${PODS_ROOT}/Target Support Files/Pods-Appurados/Pods-Appurados-resources-${CONFIGURATION}-input-files.xcfilelist",
			);
			name = "[CP] Copy Pods Resources";
			outputFileListPaths = (
				"${PODS_ROOT}/Target Support Files/Pods-Appurados/Pods-Appurados-resources-${CONFIGURATION}-output-files.xcfilelist",
			);
			runOnlyForDeploymentPostprocessing = 0;
			shellPath = /bin/sh;
			shellScript = "\"${PODS_ROOT}/Target Support Files/Pods-Appurados/Pods-Appurados-resources.sh\"\n";
			showEnvVarsInLog = 0;
		};
		9ACF910A94861E7682CC83D4 /* [CP] Embed Pods Frameworks */ = {
			isa = PBXShellScriptBuildPhase;
			buildActionMask = 2147483647;
			files = (
			);
			inputFileListPaths = (
				"${PODS_ROOT}/Target Support Files/Pods-Appurados/Pods-Appurados-frameworks-${CONFIGURATION}-input-files.xcfilelist",
			);
			name = "[CP] Embed Pods Frameworks";
			outputFileListPaths = (
				"${PODS_ROOT}/Target Support Files/Pods-Appurados/Pods-Appurados-frameworks-${CONFIGURATION}-output-files.xcfilelist",
			);
			runOnlyForDeploymentPostprocessing = 0;
			shellPath = /bin/sh;
			shellScript = "\"${PODS_ROOT}/Target Support Files/Pods-Appurados/Pods-Appurados-frameworks.sh\"\n";
			showEnvVarsInLog = 0;
		};
/* End PBXShellScriptBuildPhase section */

/* Begin PBXSourcesBuildPhase section */
		F955979E26D4160A007390F7 /* Sources */ = {
			isa = PBXSourcesBuildPhase;
			buildActionMask = 2147483647;
			files = (
				F987C49A26E2A16400751CA8 /* WebServiceHelper.swift in Sources */,
				F9A7330826D505460006BE93 /* SignUpViewController.swift in Sources */,
				F95F541126E527CD0047D1A7 /* RestaurentsDetailModel.swift in Sources */,
				F978DE5226D4DD80009FA173 /* UIView+Container.swift in Sources */,
				F90626FA26DAC0AE009E8736 /* PendingOrderListTableViewCell.swift in Sources */,
				F935B01A26DEBAAA00FC86A7 /* FoodDetailCollectionViewCell.swift in Sources */,
				F914878626E8EEE900458BE7 /* FloatRatingView.swift in Sources */,
				F9F74AA826D8301400E2822B /* FoodOrderTableViewCell.swift in Sources */,
				F9F315F426DB667B0015BCDC /* MyRewardTableViewCell.swift in Sources */,
				F978DE2226D4D155009FA173 /* HomeViewController.swift in Sources */,
				F978DE4F26D4DD80009FA173 /* TransitionContext.swift in Sources */,
				F987C49926E2A16400751CA8 /* WebServiceManager.swift in Sources */,
				F98787CA26DA628F00FA0DFF /* PendingViewController.swift in Sources */,
				F978DE4A26D4DD80009FA173 /* RDTextView.swift in Sources */,
				F9F3160326DB69970015BCDC /* MyOffersViewController.swift in Sources */,
				F98787C326DA2F2800FA0DFF /* MyCartTableViewCell.swift in Sources */,
				F978DE6226D4E7FC009FA173 /* AppSharedData.swift in Sources */,
				F92793D526DE7B0B002DA4EF /* OrderDetailViewController.swift in Sources */,
				F978DE5326D4DD80009FA173 /* SideMenuController.swift in Sources */,
				F978DE4D26D4DD80009FA173 /* Preferences.swift in Sources */,
				F978DE5026D4DD80009FA173 /* UIViewController+Container.swift in Sources */,
				F978DE3026D4DD56009FA173 /* CustomUIView.swift in Sources */,
				F9AEB24926E01E35002CE923 /* ForgotPasswordViewController.swift in Sources */,
				F914878326E8EC8200458BE7 /* NotificationModel.swift in Sources */,
				F9A7330426D4FBCB0006BE93 /* WelcomeViewController.swift in Sources */,
				F98787C026DA2D5700FA0DFF /* MyCartViewController.swift in Sources */,
				F978DE4E26D4DD80009FA173 /* Delegate.swift in Sources */,
				F978DE2C26D4DD56009FA173 /* MessageConstant.swift in Sources */,
				F9A7330626D5002C0006BE93 /* LoginViewController.swift in Sources */,
				F98787CC26DA629C00FA0DFF /* OngoingViewController.swift in Sources */,
				F92793D726DE7C19002DA4EF /* VarientTableViewCell.swift in Sources */,
				F9AB33EA26D8DFA100D1AF78 /* DishDetailViewController.swift in Sources */,
				F978DE2426D4DBAE009FA173 /* MapViewController.swift in Sources */,
				F935B01C26DEBABF00FC86A7 /* FoodDetailTableViewCell.swift in Sources */,
				F978DE2E26D4DD56009FA173 /* Extensions.swift in Sources */,
				F978DE5C26D4DDA2009FA173 /* AppSideMenuViewController.swift in Sources */,
				F98787CE26DA62A600FA0DFF /* CompleteViewController.swift in Sources */,
				F9F74AA426D82E7200E2822B /* FoodOrderViewController.swift in Sources */,
				F92793D326DE5E06002DA4EF /* NotificationTableViewCell.swift in Sources */,
				F978DE5726D4DD80009FA173 /* SWRevealViewController.m in Sources */,
				F978DE6126D4E7FC009FA173 /* UserDefaultExtension.swift in Sources */,
				F9F3160126DB69830015BCDC /* NotificationViewController.swift in Sources */,
				F9F74AA626D82FE600E2822B /* DishesCollectionViewCell.swift in Sources */,
				F98787C726DA5FA400FA0DFF /* MyOrdersViewController.swift in Sources */,
				F9F3160B26DB9B740015BCDC /* SendPackageTableViewCell.swift in Sources */,
				F978DE5D26D4DDA2009FA173 /* AppSideMenuTableViewCell.swift in Sources */,
				F9F315FB26DB693E0015BCDC /* AboutUsViewController.swift in Sources */,
				F978DE3126D4DD56009FA173 /* TableViewExtension.swift in Sources */,
				F99D5A0926E7F70E00F4C3F4 /* OrdersDetailModel.swift in Sources */,
				F978DE5626D4DD80009FA173 /* SWRevealViewController+Extensions.swift in Sources */,
				6A63E9C926D67D5A00CD93DC /* HomeTopMenuCollectionViewCell.swift in Sources */,
				F978DE4C26D4DD80009FA173 /* StatusBar.swift in Sources */,
				F978DE4B26D4DD80009FA173 /* UIViewController+SideMenu.swift in Sources */,
				F9F315FE26DB69560015BCDC /* SupportViewController.swift in Sources */,
				F9F3160826DB69D50015BCDC /* SendPackageViewController.swift in Sources */,
				F9DA4E2626E3F7FB00A3D3A0 /* BannerModel.swift in Sources */,
				F9F3160526DB69B80015BCDC /* MyFavoritesViewController.swift in Sources */,
				F978DE5526D4DD80009FA173 /* RevealViewController.swift in Sources */,
				F978DE2F26D4DD56009FA173 /* AlertViewController.swift in Sources */,
				F95597AA26D4160A007390F7 /* ViewController.swift in Sources */,
				F914878126E8E3BE00458BE7 /* RewardModel.swift in Sources */,
				F9F315F226DB63C70015BCDC /* MyRewardViewController.swift in Sources */,
				F95597A626D4160A007390F7 /* AppDelegate.swift in Sources */,
				F978DE5426D4DD80009FA173 /* BasicTransitionAnimator.swift in Sources */,
				F95597A826D4160A007390F7 /* SceneDelegate.swift in Sources */,
				F9A7330226D4EBEF0006BE93 /* SignUpModel.swift in Sources */,
				F910A8CD26E36C82005D529F /* MapsViewController.swift in Sources */,
				F91C596026D9350200808697 /* ProfileViewController.swift in Sources */,
				F9BDFEEF26E6A5A300672CD3 /* ProductDetailModel.swift in Sources */,
				F935B01826DEBA5E00FC86A7 /* FoodDetailViewController.swift in Sources */,
				F978DE5126D4DD80009FA173 /* Segue.swift in Sources */,
				F978DE2D26D4DD56009FA173 /* ValidationManager.swift in Sources */,
			);
			runOnlyForDeploymentPostprocessing = 0;
		};
/* End PBXSourcesBuildPhase section */

/* Begin PBXVariantGroup section */
		F95597AB26D4160A007390F7 /* Main.storyboard */ = {
			isa = PBXVariantGroup;
			children = (
				F95597AC26D4160A007390F7 /* Base */,
			);
			name = Main.storyboard;
			sourceTree = "<group>";
		};
		F95597B026D4160C007390F7 /* LaunchScreen.storyboard */ = {
			isa = PBXVariantGroup;
			children = (
				F95597B126D4160C007390F7 /* Base */,
			);
			name = LaunchScreen.storyboard;
			sourceTree = "<group>";
		};
/* End PBXVariantGroup section */

/* Begin XCBuildConfiguration section */
		F95597B426D4160C007390F7 /* Debug */ = {
			isa = XCBuildConfiguration;
			buildSettings = {
				ALWAYS_SEARCH_USER_PATHS = NO;
				CLANG_ANALYZER_NONNULL = YES;
				CLANG_ANALYZER_NUMBER_OBJECT_CONVERSION = YES_AGGRESSIVE;
				CLANG_CXX_LANGUAGE_STANDARD = "gnu++14";
				CLANG_CXX_LIBRARY = "libc++";
				CLANG_ENABLE_MODULES = YES;
				CLANG_ENABLE_OBJC_ARC = YES;
				CLANG_ENABLE_OBJC_WEAK = YES;
				CLANG_WARN_BLOCK_CAPTURE_AUTORELEASING = YES;
				CLANG_WARN_BOOL_CONVERSION = YES;
				CLANG_WARN_COMMA = YES;
				CLANG_WARN_CONSTANT_CONVERSION = YES;
				CLANG_WARN_DEPRECATED_OBJC_IMPLEMENTATIONS = YES;
				CLANG_WARN_DIRECT_OBJC_ISA_USAGE = YES_ERROR;
				CLANG_WARN_DOCUMENTATION_COMMENTS = YES;
				CLANG_WARN_EMPTY_BODY = YES;
				CLANG_WARN_ENUM_CONVERSION = YES;
				CLANG_WARN_INFINITE_RECURSION = YES;
				CLANG_WARN_INT_CONVERSION = YES;
				CLANG_WARN_NON_LITERAL_NULL_CONVERSION = YES;
				CLANG_WARN_OBJC_IMPLICIT_RETAIN_SELF = YES;
				CLANG_WARN_OBJC_LITERAL_CONVERSION = YES;
				CLANG_WARN_OBJC_ROOT_CLASS = YES_ERROR;
				CLANG_WARN_QUOTED_INCLUDE_IN_FRAMEWORK_HEADER = YES;
				CLANG_WARN_RANGE_LOOP_ANALYSIS = YES;
				CLANG_WARN_STRICT_PROTOTYPES = YES;
				CLANG_WARN_SUSPICIOUS_MOVE = YES;
				CLANG_WARN_UNGUARDED_AVAILABILITY = YES_AGGRESSIVE;
				CLANG_WARN_UNREACHABLE_CODE = YES;
				CLANG_WARN__DUPLICATE_METHOD_MATCH = YES;
				COPY_PHASE_STRIP = NO;
				DEBUG_INFORMATION_FORMAT = dwarf;
				ENABLE_STRICT_OBJC_MSGSEND = YES;
				ENABLE_TESTABILITY = YES;
				GCC_C_LANGUAGE_STANDARD = gnu11;
				GCC_DYNAMIC_NO_PIC = NO;
				GCC_NO_COMMON_BLOCKS = YES;
				GCC_OPTIMIZATION_LEVEL = 0;
				GCC_PREPROCESSOR_DEFINITIONS = (
					"DEBUG=1",
					"$(inherited)",
				);
				GCC_WARN_64_TO_32_BIT_CONVERSION = YES;
				GCC_WARN_ABOUT_RETURN_TYPE = YES_ERROR;
				GCC_WARN_UNDECLARED_SELECTOR = YES;
				GCC_WARN_UNINITIALIZED_AUTOS = YES_AGGRESSIVE;
				GCC_WARN_UNUSED_FUNCTION = YES;
				GCC_WARN_UNUSED_VARIABLE = YES;
				IPHONEOS_DEPLOYMENT_TARGET = 12.1;
				MTL_ENABLE_DEBUG_INFO = INCLUDE_SOURCE;
				MTL_FAST_MATH = YES;
				ONLY_ACTIVE_ARCH = YES;
				SDKROOT = iphoneos;
				SWIFT_ACTIVE_COMPILATION_CONDITIONS = DEBUG;
				SWIFT_OPTIMIZATION_LEVEL = "-Onone";
			};
			name = Debug;
		};
		F95597B526D4160C007390F7 /* Release */ = {
			isa = XCBuildConfiguration;
			buildSettings = {
				ALWAYS_SEARCH_USER_PATHS = NO;
				CLANG_ANALYZER_NONNULL = YES;
				CLANG_ANALYZER_NUMBER_OBJECT_CONVERSION = YES_AGGRESSIVE;
				CLANG_CXX_LANGUAGE_STANDARD = "gnu++14";
				CLANG_CXX_LIBRARY = "libc++";
				CLANG_ENABLE_MODULES = YES;
				CLANG_ENABLE_OBJC_ARC = YES;
				CLANG_ENABLE_OBJC_WEAK = YES;
				CLANG_WARN_BLOCK_CAPTURE_AUTORELEASING = YES;
				CLANG_WARN_BOOL_CONVERSION = YES;
				CLANG_WARN_COMMA = YES;
				CLANG_WARN_CONSTANT_CONVERSION = YES;
				CLANG_WARN_DEPRECATED_OBJC_IMPLEMENTATIONS = YES;
				CLANG_WARN_DIRECT_OBJC_ISA_USAGE = YES_ERROR;
				CLANG_WARN_DOCUMENTATION_COMMENTS = YES;
				CLANG_WARN_EMPTY_BODY = YES;
				CLANG_WARN_ENUM_CONVERSION = YES;
				CLANG_WARN_INFINITE_RECURSION = YES;
				CLANG_WARN_INT_CONVERSION = YES;
				CLANG_WARN_NON_LITERAL_NULL_CONVERSION = YES;
				CLANG_WARN_OBJC_IMPLICIT_RETAIN_SELF = YES;
				CLANG_WARN_OBJC_LITERAL_CONVERSION = YES;
				CLANG_WARN_OBJC_ROOT_CLASS = YES_ERROR;
				CLANG_WARN_QUOTED_INCLUDE_IN_FRAMEWORK_HEADER = YES;
				CLANG_WARN_RANGE_LOOP_ANALYSIS = YES;
				CLANG_WARN_STRICT_PROTOTYPES = YES;
				CLANG_WARN_SUSPICIOUS_MOVE = YES;
				CLANG_WARN_UNGUARDED_AVAILABILITY = YES_AGGRESSIVE;
				CLANG_WARN_UNREACHABLE_CODE = YES;
				CLANG_WARN__DUPLICATE_METHOD_MATCH = YES;
				COPY_PHASE_STRIP = NO;
				DEBUG_INFORMATION_FORMAT = "dwarf-with-dsym";
				ENABLE_NS_ASSERTIONS = NO;
				ENABLE_STRICT_OBJC_MSGSEND = YES;
				GCC_C_LANGUAGE_STANDARD = gnu11;
				GCC_NO_COMMON_BLOCKS = YES;
				GCC_WARN_64_TO_32_BIT_CONVERSION = YES;
				GCC_WARN_ABOUT_RETURN_TYPE = YES_ERROR;
				GCC_WARN_UNDECLARED_SELECTOR = YES;
				GCC_WARN_UNINITIALIZED_AUTOS = YES_AGGRESSIVE;
				GCC_WARN_UNUSED_FUNCTION = YES;
				GCC_WARN_UNUSED_VARIABLE = YES;
				IPHONEOS_DEPLOYMENT_TARGET = 12.1;
				MTL_ENABLE_DEBUG_INFO = NO;
				MTL_FAST_MATH = YES;
				SDKROOT = iphoneos;
				SWIFT_COMPILATION_MODE = wholemodule;
				SWIFT_OPTIMIZATION_LEVEL = "-O";
				VALIDATE_PRODUCT = YES;
			};
			name = Release;
		};
		F95597B726D4160C007390F7 /* Debug */ = {
			isa = XCBuildConfiguration;
			baseConfigurationReference = 096AC128A4552D284DEBC743 /* Pods-Appurados.debug.xcconfig */;
			buildSettings = {
				ASSETCATALOG_COMPILER_APPICON_NAME = AppIcon;
				ASSETCATALOG_COMPILER_GLOBAL_ACCENT_COLOR_NAME = AccentColor;
				CODE_SIGN_ENTITLEMENTS = Appurados/Appurados.entitlements;
				CODE_SIGN_STYLE = Automatic;
				DEVELOPMENT_TEAM = WP5H36V456;
				INFOPLIST_FILE = Appurados/Info.plist;
				IPHONEOS_DEPLOYMENT_TARGET = 14.0;
				LD_RUNPATH_SEARCH_PATHS = (
					"$(inherited)",
					"@executable_path/Frameworks",
				);
				PRODUCT_BUNDLE_IDENTIFIER = com.ios.Appurados;
				PRODUCT_NAME = "$(TARGET_NAME)";
				SWIFT_OBJC_BRIDGING_HEADER = Appurados/BridgingHeader/BridgingHeader.h;
				SWIFT_VERSION = 5.0;
				TARGETED_DEVICE_FAMILY = 1;
			};
			name = Debug;
		};
		F95597B826D4160C007390F7 /* Release */ = {
			isa = XCBuildConfiguration;
			baseConfigurationReference = 8D52F48F7188B07A433E4C55 /* Pods-Appurados.release.xcconfig */;
			buildSettings = {
				ASSETCATALOG_COMPILER_APPICON_NAME = AppIcon;
				ASSETCATALOG_COMPILER_GLOBAL_ACCENT_COLOR_NAME = AccentColor;
				CODE_SIGN_ENTITLEMENTS = Appurados/Appurados.entitlements;
				CODE_SIGN_STYLE = Automatic;
				DEVELOPMENT_TEAM = WP5H36V456;
				INFOPLIST_FILE = Appurados/Info.plist;
				IPHONEOS_DEPLOYMENT_TARGET = 14.0;
				LD_RUNPATH_SEARCH_PATHS = (
					"$(inherited)",
					"@executable_path/Frameworks",
				);
				PRODUCT_BUNDLE_IDENTIFIER = com.ios.Appurados;
				PRODUCT_NAME = "$(TARGET_NAME)";
				SWIFT_OBJC_BRIDGING_HEADER = Appurados/BridgingHeader/BridgingHeader.h;
				SWIFT_VERSION = 5.0;
				TARGETED_DEVICE_FAMILY = 1;
			};
			name = Release;
		};
/* End XCBuildConfiguration section */

/* Begin XCConfigurationList section */
		F955979D26D4160A007390F7 /* Build configuration list for PBXProject "Appurados" */ = {
			isa = XCConfigurationList;
			buildConfigurations = (
				F95597B426D4160C007390F7 /* Debug */,
				F95597B526D4160C007390F7 /* Release */,
			);
			defaultConfigurationIsVisible = 0;
			defaultConfigurationName = Release;
		};
		F95597B626D4160C007390F7 /* Build configuration list for PBXNativeTarget "Appurados" */ = {
			isa = XCConfigurationList;
			buildConfigurations = (
				F95597B726D4160C007390F7 /* Debug */,
				F95597B826D4160C007390F7 /* Release */,
			);
			defaultConfigurationIsVisible = 0;
			defaultConfigurationName = Release;
		};
/* End XCConfigurationList section */
	};
	rootObject = F955979A26D4160A007390F7 /* Project object */;
}
